<?xml version="1.0" encoding="UTF-8" standalone="yes" ?>
<CodeBlocks_project_file>
	<FileVersion major="1" minor="6" />
	<Project>
		<Option title="D:\User\frentrup\Programmieren\Snippets\Console\custom-input" />
		<Option pch_mode="2" />
		<Option compiler="gnu_gcc_x64_compiler" />
		<Build>
			<Target title="x64-debug">
				<Option output="bin/x64-debug/custom-input" prefix_auto="1" extension_auto="1" />
				<Option object_output="obj/x64-debug/" />
				<Option type="1" />
				<Option compiler="gnu_gcc_x64_compiler" />
				<Compiler>
					<Add option="-g" />
				</Compiler>
			</Target>
			<Target title="x86-debug">
				<Option output="bin/x86-debug/custom-input" prefix_auto="1" extension_auto="1" />
				<Option object_output="obj/x86-debug/" />
				<Option type="1" />
				<Option compiler="gnu_gcc_x86_compiler" />
				<Compiler>
					<Add option="-g" />
				</Compiler>
			</Target>
		</Build>
		<Compiler>
			<Add option="-Wall" />
		</Compiler>
		<Unit filename="console-buffer-io.c">
			<Option compilerVar="CC" />
		</Unit>
		<Unit filename="console-buffer-io.h" />
		<Unit filename="debug.c">
			<Option compilerVar="CC" />
		</Unit>
		<Unit filename="debug.h" />
		<Unit filename="hyperlink-output.c">
			<Option compilerVar="CC" />
		</Unit>
		<Unit filename="hyperlink-output.h" />
		<Unit filename="main.c">
			<Option compilerVar="CC" />
		</Unit>
		<Unit filename="memory-util.c">
			<Option compilerVar="CC" />
		</Unit>
		<Unit filename="memory-util.h" />
		<Unit filename="read-input.c">
			<Option compilerVar="CC" />
		</Unit>
		<Unit filename="read-input.h" />
		<Unit filename="scroll-counter.c">
			<Option compilerVar="CC" />
		</Unit>
		<Unit filename="scroll-counter.h" />
		<Extensions>
			<code_completion />
			<debugger />
			<envvars />
		</Extensions>
	</Project>
</CodeBlocks_project_file>
