<?xml version="1.0" encoding="UTF-8" standalone="yes" ?>
<CodeBlocks_project_file>
	<FileVersion major="1" minor="6" />
	<Project>
		<Option title="D:\User\frentrup\Programmieren\Snippets\Console\custom-input" />
		<Option pch_mode="2" />
		<Option compiler="gnu_gcc_x64_compiler" />
		<Build>
			<Target title="Debug">
				<Option output="bin/Debug/custom-input" prefix_auto="1" extension_auto="1" />
				<Option object_output="obj/Debug/" />
				<Option type="1" />
				<Option compiler="gnu_gcc_x64_compiler" />
				<Compiler>
					<Add option="-g" />
				</Compiler>
			</Target>
		</Build>
		<Compiler>
			<Add option="-Wall" />
		</Compiler>
		<Unit filename="main.c">
			<Option compilerVar="CC" />
		</Unit>
		<Unit filename="read-input.c">
			<Option compilerVar="CC" />
		</Unit>
		<Unit filename="read-input.h" />
		<Extensions>
			<code_completion />
			<debugger />
		</Extensions>
	</Project>
</CodeBlocks_project_file>
